
Microsoft Visual Studio Solution File, Format Version 12.00
# Visual Studio Version 17
VisualStudioVersion = 17.3.32929.385
MinimumVisualStudioVersion = 10.0.40219.1
Project("{FAE04EC0-301F-11D3-BF4B-00C04F79EFBC}") = "XD", "XD\XD.csproj", "{CFD4169D-1513-4A2A-B798-73EC523103C5}"
EndProject
Global
	GlobalSection(SolutionConfigurationPlatforms) = preSolution
		Debug|Any CPU = Debug|Any CPU
		Release|Any CPU = Release|Any CPU
	EndGlobalSection
	GlobalSection(ProjectConfigurationPlatforms) = postSolution
		{CFD4169D-1513-4A2A-B798-73EC523103C5}.Debug|Any CPU.ActiveCfg = Debug|Any CPU
		{CFD4169D-1513-4A2A-B798-73EC523103C5}.Debug|Any CPU.Build.0 = Debug|Any CPU
		{CFD4169D-1513-4A2A-B798-73EC523103C5}.Release|Any CPU.ActiveCfg = Release|Any CPU
		{CFD4169D-1513-4A2A-B798-73EC523103C5}.Release|Any CPU.Build.0 = Release|Any CPU
	EndGlobalSection
	GlobalSection(SolutionProperties) = preSolution
		HideSolutionNode = FALSE
	EndGlobalSection
	GlobalSection(ExtensibilityGlobals) = postSolution
		SolutionGuid = {C7A361E2-AD6E-4D6F-A315-F84372E8CC85}
	EndGlobalSection
EndGlobal
